{
  "object": {
    "pins": [
      {
        "package": "async-http-client",
        "repositoryURL": "https://github.com/swift-server/async-http-client.git",
        "state": {
          "branch": null,
          "revision": "037b70291941fe43de668066eb6fb802c5e181d2",
          "version": "1.1.1"
        }
      },
      {
        "package": "async-kit",
        "repositoryURL": "https://github.com/vapor/async-kit.git",
        "state": {
          "branch": null,
          "revision": "48a719dec79ea3cbbc71ca9b29f69df7cd5794cd",
          "version": "1.0.1"
        }
      },
      {
        "package": "Cryptor",
        "repositoryURL": "https://github.com/IBM-Swift/BlueCryptor.git",
        "state": {
          "branch": null,
          "revision": "12d2bf3ec7207ec3cd004b9582f69ef5fae1da3b",
          "version": "1.0.32"
        }
      },
      {
        "package": "cmark",
        "repositoryURL": "https://github.com/brokenhandsio/cmark-gfm.git",
        "state": {
          "branch": null,
          "revision": "c25ea288d0eb50c5c1150e7fdda675d5e9b1b6bb",
          "version": "2.0.0"
        }
      },
      {
        "package": "console-kit",
        "repositoryURL": "https://github.com/vapor/console-kit.git",
        "state": {
          "branch": null,
          "revision": "7a97a5ea7fefe61cf2c943242113125b0f396a98",
          "version": "4.1.0"
        }
      },
      {
        "package": "CSRF",
        "repositoryURL": "https://github.com/vapor-community/CSRF.git",
        "state": {
          "branch": null,
          "revision": "c7a419b93b7d159797d25a3371b9d3480931cdf0",
          "version": "3.0.0"
        }
      },
      {
        "package": "fluent",
        "repositoryURL": "https://github.com/vapor/fluent.git",
        "state": {
          "branch": null,
          "revision": "a5916ec4ffcc1482096e91f652911fc33ba9a7fb",
          "version": "4.0.0-rc.2.1"
        }
      },
      {
        "package": "fluent-kit",
        "repositoryURL": "https://github.com/vapor/fluent-kit.git",
        "state": {
          "branch": null,
          "revision": "4def1ab268c18162121988ca32a4c6cf62360bb2",
          "version": "1.0.0-rc.1.22"
        }
      },
      {
        "package": "fluent-mysql-driver",
        "repositoryURL": "https://github.com/vapor/fluent-mysql-driver.git",
        "state": {
          "branch": null,
          "revision": "d65918e04736843172ea713b78a5145fa4ea6ca1",
          "version": "4.0.0-rc.1.2"
        }
      },
      {
        "package": "leaf",
        "repositoryURL": "https://github.com/vapor/leaf.git",
        "state": {
          "branch": null,
          "revision": "409ad1c610c503335d2033062199c3c2778bffd9",
          "version": "4.0.0-rc.1.2"
        }
      },
      {
        "package": "leaf-kit",
        "repositoryURL": "https://github.com/vapor/leaf-kit.git",
        "state": {
          "branch": null,
          "revision": "b6c8edd71a5387c4b48ecafe5be4cadd4f896193",
          "version": "1.0.0-rc.1.4"
        }
      },
      {
        "package": "SwiftMarkdown",
        "repositoryURL": "https://github.com/vapor-community/markdown.git",
        "state": {
          "branch": null,
          "revision": "f39e192ee06e8b3dd1517cd5e0093f432b842962",
          "version": "0.6.1"
        }
      },
      {
        "package": "mysql-kit",
        "repositoryURL": "https://github.com/vapor/mysql-kit.git",
        "state": {
          "branch": null,
          "revision": "932d772559565d4ffa604a7fd3a3cb342a08b604",
          "version": "4.0.0-rc.1.5"
        }
      },
      {
        "package": "mysql-nio",
        "repositoryURL": "https://github.com/vapor/mysql-nio.git",
        "state": {
          "branch": null,
          "revision": "c4df27fa4de175efde7fb963dc96b9266f3affb8",
          "version": "1.0.0-rc.1.3"
        }
      },
      {
        "package": "Poppo",
        "repositoryURL": "https://github.com/rb-de0/Poppo.git",
        "state": {
          "branch": null,
          "revision": "e3f61c8f020417ca40d5b96470ea9b0b5ca4b505",
          "version": "1.1.0"
        }
      },
      {
        "package": "routing-kit",
        "repositoryURL": "https://github.com/vapor/routing-kit.git",
        "state": {
          "branch": null,
          "revision": "e7f2d5bd36dc65a9edb303541cb678515a7fece3",
          "version": "4.1.0"
        }
      },
      {
        "package": "sql-kit",
        "repositoryURL": "https://github.com/vapor/sql-kit.git",
        "state": {
          "branch": null,
          "revision": "f777df2a355b41b382ddf912e21b07ca30b3d247",
          "version": "3.0.0-rc.2"
        }
      },
      {
        "package": "swift-backtrace",
        "repositoryURL": "https://github.com/swift-server/swift-backtrace.git",
        "state": {
          "branch": null,
          "revision": "f2fd8c4845a123419c348e0bc4b3839c414077d5",
          "version": "1.2.0"
        }
      },
      {
        "package": "swift-crypto",
        "repositoryURL": "https://github.com/apple/swift-crypto.git",
        "state": {
          "branch": null,
          "revision": "d67ac68d09a95443303e9d6e37b34e7ba101d5f1",
          "version": "1.0.1"
        }
      },
      {
        "package": "swift-log",
        "repositoryURL": "https://github.com/apple/swift-log.git",
        "state": {
          "branch": null,
          "revision": "74d7b91ceebc85daf387ebb206003f78813f71aa",
          "version": "1.2.0"
        }
      },
      {
        "package": "swift-metrics",
        "repositoryURL": "https://github.com/apple/swift-metrics.git",
        "state": {
          "branch": null,
          "revision": "708b960b4605abb20bc55d65abf6bad607252200",
          "version": "2.0.0"
        }
      },
      {
        "package": "swift-nio",
        "repositoryURL": "https://github.com/apple/swift-nio.git",
        "state": {
          "branch": null,
          "revision": "e876fb37410e0036b98b5361bb18e6854739572b",
          "version": "2.16.0"
        }
      },
      {
        "package": "swift-nio-extras",
        "repositoryURL": "https://github.com/apple/swift-nio-extras.git",
        "state": {
          "branch": null,
          "revision": "b4dbfacff47fb8d0f9e0a422d8d37935a9f10570",
          "version": "1.4.0"
        }
      },
      {
        "package": "swift-nio-http2",
        "repositoryURL": "https://github.com/apple/swift-nio-http2.git",
        "state": {
          "branch": null,
          "revision": "82eb3fa0974b838358ee46bc6c5381e5ae5de6b9",
          "version": "1.11.0"
        }
      },
      {
        "package": "swift-nio-ssl",
        "repositoryURL": "https://github.com/apple/swift-nio-ssl.git",
        "state": {
          "branch": null,
          "revision": "ae213938e151964aa691f0e902462fbe06baeeb6",
          "version": "2.7.1"
        }
      },
      {
        "package": "SwiftSoup",
        "repositoryURL": "https://github.com/scinfu/SwiftSoup.git",
        "state": {
          "branch": null,
          "revision": "11da8c685ddde2d519fad04a7daf8485bbbc773e",
          "version": "1.7.5"
        }
      },
      {
        "package": "SwiftyJSON",
        "repositoryURL": "https://github.com/diskshima/SwiftyJSON.git",
        "state": {
          "branch": "rename-nsnumber-comparison-operators",
          "revision": "329922bc3f9c20e54bf5b32d7fefb95c65880cfa",
          "version": null
        }
      },
      {
        "package": "vapor",
        "repositoryURL": "https://github.com/vapor/vapor.git",
        "state": {
          "branch": null,
          "revision": "7f6c8277b8cbe4381d00ddcef3b898c820780324",
          "version": "4.4.0"
        }
      },
      {
        "package": "VaporSecurityHeaders",
        "repositoryURL": "https://github.com/brokenhandsio/VaporSecurityHeaders.git",
        "state": {
          "branch": null,
          "revision": "8796636ce8361db2fc96396f5ed2ae635af9478f",
          "version": "3.0.0"
        }
      },
      {
        "package": "websocket-kit",
        "repositoryURL": "https://github.com/vapor/websocket-kit.git",
        "state": {
          "branch": null,
          "revision": "f46778e3f1452cc80a0a6c422cdc52a5d0258795",
          "version": "2.0.0"
        }
      }
    ]
  },
  "version": 1
}
